
Microsoft Visual Studio Solution File, Format Version 12.00
# Visual Studio Version 16
VisualStudioVersion = 16.0.29905.134
MinimumVisualStudioVersion = 15.0.26124.0
Project("{9A19103F-16F7-4668-BE54-9A1E7A4F7556}") = "Domain", "Domain\Domain.csproj", "{C81F30AF-6DA5-4455-AD0F-C1BF21493AE7}"
EndProject
Project("{9A19103F-16F7-4668-BE54-9A1E7A4F7556}") = "Application", "Application\Application.csproj", "{BF90B9B7-A335-48AD-9D25-70B8A2596580}"
EndProject
Project("{9A19103F-16F7-4668-BE54-9A1E7A4F7556}") = "Persistence", "Persistence\Persistence.csproj", "{AF16C35D-4434-47DC-B387-C55C063245D7}"
EndProject
Project("{9A19103F-16F7-4668-BE54-9A1E7A4F7556}") = "API", "API\API.csproj", "{A76E6FC9-87C1-4C6B-92C6-F78A673116CC}"
EndProject
Global
	GlobalSection(SolutionConfigurationPlatforms) = preSolution
		Debug|Any CPU = Debug|Any CPU
		Debug|x64 = Debug|x64
		Debug|x86 = Debug|x86
		Release|Any CPU = Release|Any CPU
		Release|x64 = Release|x64
		Release|x86 = Release|x86
	EndGlobalSection
	GlobalSection(ProjectConfigurationPlatforms) = postSolution
		{C81F30AF-6DA5-4455-AD0F-C1BF21493AE7}.Debug|Any CPU.ActiveCfg = Debug|Any CPU
		{C81F30AF-6DA5-4455-AD0F-C1BF21493AE7}.Debug|Any CPU.Build.0 = Debug|Any CPU
		{C81F30AF-6DA5-4455-AD0F-C1BF21493AE7}.Debug|x64.ActiveCfg = Debug|Any CPU
		{C81F30AF-6DA5-4455-AD0F-C1BF21493AE7}.Debug|x64.Build.0 = Debug|Any CPU
		{C81F30AF-6DA5-4455-AD0F-C1BF21493AE7}.Debug|x86.ActiveCfg = Debug|Any CPU
		{C81F30AF-6DA5-4455-AD0F-C1BF21493AE7}.Debug|x86.Build.0 = Debug|Any CPU
		{C81F30AF-6DA5-4455-AD0F-C1BF21493AE7}.Release|Any CPU.ActiveCfg = Release|Any CPU
		{C81F30AF-6DA5-4455-AD0F-C1BF21493AE7}.Release|Any CPU.Build.0 = Release|Any CPU
		{C81F30AF-6DA5-4455-AD0F-C1BF21493AE7}.Release|x64.ActiveCfg = Release|Any CPU
		{C81F30AF-6DA5-4455-AD0F-C1BF21493AE7}.Release|x64.Build.0 = Release|Any CPU
		{C81F30AF-6DA5-4455-AD0F-C1BF21493AE7}.Release|x86.ActiveCfg = Release|Any CPU
		{C81F30AF-6DA5-4455-AD0F-C1BF21493AE7}.Release|x86.Build.0 = Release|Any CPU
		{BF90B9B7-A335-48AD-9D25-70B8A2596580}.Debug|Any CPU.ActiveCfg = Debug|Any CPU
		{BF90B9B7-A335-48AD-9D25-70B8A2596580}.Debug|Any CPU.Build.0 = Debug|Any CPU
		{BF90B9B7-A335-48AD-9D25-70B8A2596580}.Debug|x64.ActiveCfg = Debug|Any CPU
		{BF90B9B7-A335-48AD-9D25-70B8A2596580}.Debug|x64.Build.0 = Debug|Any CPU
		{BF90B9B7-A335-48AD-9D25-70B8A2596580}.Debug|x86.ActiveCfg = Debug|Any CPU
		{BF90B9B7-A335-48AD-9D25-70B8A2596580}.Debug|x86.Build.0 = Debug|Any CPU
		{BF90B9B7-A335-48AD-9D25-70B8A2596580}.Release|Any CPU.ActiveCfg = Release|Any CPU
		{BF90B9B7-A335-48AD-9D25-70B8A2596580}.Release|Any CPU.Build.0 = Release|Any CPU
		{BF90B9B7-A335-48AD-9D25-70B8A2596580}.Release|x64.ActiveCfg = Release|Any CPU
		{BF90B9B7-A335-48AD-9D25-70B8A2596580}.Release|x64.Build.0 = Release|Any CPU
		{BF90B9B7-A335-48AD-9D25-70B8A2596580}.Release|x86.ActiveCfg = Release|Any CPU
		{BF90B9B7-A335-48AD-9D25-70B8A2596580}.Release|x86.Build.0 = Release|Any CPU
		{AF16C35D-4434-47DC-B387-C55C063245D7}.Debug|Any CPU.ActiveCfg = Debug|Any CPU
		{AF16C35D-4434-47DC-B387-C55C063245D7}.Debug|Any CPU.Build.0 = Debug|Any CPU
		{AF16C35D-4434-47DC-B387-C55C063245D7}.Debug|x64.ActiveCfg = Debug|Any CPU
		{AF16C35D-4434-47DC-B387-C55C063245D7}.Debug|x64.Build.0 = Debug|Any CPU
		{AF16C35D-4434-47DC-B387-C55C063245D7}.Debug|x86.ActiveCfg = Debug|Any CPU
		{AF16C35D-4434-47DC-B387-C55C063245D7}.Debug|x86.Build.0 = Debug|Any CPU
		{AF16C35D-4434-47DC-B387-C55C063245D7}.Release|Any CPU.ActiveCfg = Release|Any CPU
		{AF16C35D-4434-47DC-B387-C55C063245D7}.Release|Any CPU.Build.0 = Release|Any CPU
		{AF16C35D-4434-47DC-B387-C55C063245D7}.Release|x64.ActiveCfg = Release|Any CPU
		{AF16C35D-4434-47DC-B387-C55C063245D7}.Release|x64.Build.0 = Release|Any CPU
		{AF16C35D-4434-47DC-B387-C55C063245D7}.Release|x86.ActiveCfg = Release|Any CPU
		{AF16C35D-4434-47DC-B387-C55C063245D7}.Release|x86.Build.0 = Release|Any CPU
		{A76E6FC9-87C1-4C6B-92C6-F78A673116CC}.Debug|Any CPU.ActiveCfg = Debug|Any CPU
		{A76E6FC9-87C1-4C6B-92C6-F78A673116CC}.Debug|Any CPU.Build.0 = Debug|Any CPU
		{A76E6FC9-87C1-4C6B-92C6-F78A673116CC}.Debug|x64.ActiveCfg = Debug|Any CPU
		{A76E6FC9-87C1-4C6B-92C6-F78A673116CC}.Debug|x64.Build.0 = Debug|Any CPU
		{A76E6FC9-87C1-4C6B-92C6-F78A673116CC}.Debug|x86.ActiveCfg = Debug|Any CPU
		{A76E6FC9-87C1-4C6B-92C6-F78A673116CC}.Debug|x86.Build.0 = Debug|Any CPU
		{A76E6FC9-87C1-4C6B-92C6-F78A673116CC}.Release|Any CPU.ActiveCfg = Release|Any CPU
		{A76E6FC9-87C1-4C6B-92C6-F78A673116CC}.Release|Any CPU.Build.0 = Release|Any CPU
		{A76E6FC9-87C1-4C6B-92C6-F78A673116CC}.Release|x64.ActiveCfg = Release|Any CPU
		{A76E6FC9-87C1-4C6B-92C6-F78A673116CC}.Release|x64.Build.0 = Release|Any CPU
		{A76E6FC9-87C1-4C6B-92C6-F78A673116CC}.Release|x86.ActiveCfg = Release|Any CPU
		{A76E6FC9-87C1-4C6B-92C6-F78A673116CC}.Release|x86.Build.0 = Release|Any CPU
	EndGlobalSection
	GlobalSection(SolutionProperties) = preSolution
		HideSolutionNode = FALSE
	EndGlobalSection
	GlobalSection(ExtensibilityGlobals) = postSolution
		SolutionGuid = {65613419-12D0-4666-B5B1-08DCF2ACA26A}
	EndGlobalSection
EndGlobal
